
Microsoft Visual Studio Solution File, Format Version 12.00
# Visual Studio Version 16
VisualStudioVersion = 16.0.30804.86
MinimumVisualStudioVersion = 10.0.40219.1
Project("{9A19103F-16F7-4668-BE54-9A1E7A4F7556}") = "Entities", "Entities\Entities.csproj", "{04FD1607-D423-454C-837E-16A194F0618E}"
EndProject
Project("{9A19103F-16F7-4668-BE54-9A1E7A4F7556}") = "DataAccess", "DataAccess\DataAccess.csproj", "{6793F1ED-64E2-49B9-BAAC-BFC5FCEEA7AD}"
EndProject
Project("{9A19103F-16F7-4668-BE54-9A1E7A4F7556}") = "Business", "Business\Business.csproj", "{3E6954DC-B299-49E5-9470-E27ED8E0283D}"
EndProject
Project("{9A19103F-16F7-4668-BE54-9A1E7A4F7556}") = "ConsoleUI", "ConsoleUI\ConsoleUI.csproj", "{EDD42424-8005-4726-B0A3-C1293F98F8E3}"
EndProject
Project("{9A19103F-16F7-4668-BE54-9A1E7A4F7556}") = "Core", "Core\Core.csproj", "{659BECBC-DBE2-4910-9703-3A041207F9C5}"
EndProject
Project("{FAE04EC0-301F-11D3-BF4B-00C04F79EFBC}") = "WebAPI", "WebAPI\WebAPI.csproj", "{0CA11489-BE98-4573-ACBA-7679AE10F362}"
EndProject
Global
	GlobalSection(SolutionConfigurationPlatforms) = preSolution
		Debug|Any CPU = Debug|Any CPU
		Release|Any CPU = Release|Any CPU
	EndGlobalSection
	GlobalSection(ProjectConfigurationPlatforms) = postSolution
		{04FD1607-D423-454C-837E-16A194F0618E}.Debug|Any CPU.ActiveCfg = Debug|Any CPU
		{04FD1607-D423-454C-837E-16A194F0618E}.Debug|Any CPU.Build.0 = Debug|Any CPU
		{04FD1607-D423-454C-837E-16A194F0618E}.Release|Any CPU.ActiveCfg = Release|Any CPU
		{04FD1607-D423-454C-837E-16A194F0618E}.Release|Any CPU.Build.0 = Release|Any CPU
		{6793F1ED-64E2-49B9-BAAC-BFC5FCEEA7AD}.Debug|Any CPU.ActiveCfg = Debug|Any CPU
		{6793F1ED-64E2-49B9-BAAC-BFC5FCEEA7AD}.Debug|Any CPU.Build.0 = Debug|Any CPU
		{6793F1ED-64E2-49B9-BAAC-BFC5FCEEA7AD}.Release|Any CPU.ActiveCfg = Release|Any CPU
		{6793F1ED-64E2-49B9-BAAC-BFC5FCEEA7AD}.Release|Any CPU.Build.0 = Release|Any CPU
		{3E6954DC-B299-49E5-9470-E27ED8E0283D}.Debug|Any CPU.ActiveCfg = Debug|Any CPU
		{3E6954DC-B299-49E5-9470-E27ED8E0283D}.Debug|Any CPU.Build.0 = Debug|Any CPU
		{3E6954DC-B299-49E5-9470-E27ED8E0283D}.Release|Any CPU.ActiveCfg = Release|Any CPU
		{3E6954DC-B299-49E5-9470-E27ED8E0283D}.Release|Any CPU.Build.0 = Release|Any CPU
		{EDD42424-8005-4726-B0A3-C1293F98F8E3}.Debug|Any CPU.ActiveCfg = Debug|Any CPU
		{EDD42424-8005-4726-B0A3-C1293F98F8E3}.Debug|Any CPU.Build.0 = Debug|Any CPU
		{EDD42424-8005-4726-B0A3-C1293F98F8E3}.Release|Any CPU.ActiveCfg = Release|Any CPU
		{EDD42424-8005-4726-B0A3-C1293F98F8E3}.Release|Any CPU.Build.0 = Release|Any CPU
		{659BECBC-DBE2-4910-9703-3A041207F9C5}.Debug|Any CPU.ActiveCfg = Debug|Any CPU
		{659BECBC-DBE2-4910-9703-3A041207F9C5}.Debug|Any CPU.Build.0 = Debug|Any CPU
		{659BECBC-DBE2-4910-9703-3A041207F9C5}.Release|Any CPU.ActiveCfg = Release|Any CPU
		{659BECBC-DBE2-4910-9703-3A041207F9C5}.Release|Any CPU.Build.0 = Release|Any CPU
		{0CA11489-BE98-4573-ACBA-7679AE10F362}.Debug|Any CPU.ActiveCfg = Debug|Any CPU
		{0CA11489-BE98-4573-ACBA-7679AE10F362}.Debug|Any CPU.Build.0 = Debug|Any CPU
		{0CA11489-BE98-4573-ACBA-7679AE10F362}.Release|Any CPU.ActiveCfg = Release|Any CPU
		{0CA11489-BE98-4573-ACBA-7679AE10F362}.Release|Any CPU.Build.0 = Release|Any CPU
	EndGlobalSection
	GlobalSection(SolutionProperties) = preSolution
		HideSolutionNode = FALSE
	EndGlobalSection
	GlobalSection(ExtensibilityGlobals) = postSolution
		SolutionGuid = {DF4DFDF2-BDAA-44E1-A061-E86E79C672CC}
	EndGlobalSection
EndGlobal
